
Microsoft Visual Studio Solution File, Format Version 12.00
# Visual Studio Version 16
VisualStudioVersion = 16.0.31829.152
MinimumVisualStudioVersion = 10.0.40219.1
Project("{FAE04EC0-301F-11D3-BF4B-00C04F79EFBC}") = "ArbreNAire_Console", "ArbreNAire_Console\ArbreNAire_Console.csproj", "{41EF3E33-4B2A-4DDB-A946-C011B660154D}"
EndProject
Project("{FAE04EC0-301F-11D3-BF4B-00C04F79EFBC}") = "AbreNAire_LibrairieClasses", "AbreNAire_LibrairieClasses\AbreNAire_LibrairieClasses.csproj", "{619DE55C-A9F4-4B72-B1CD-1B0EE77A632A}"
EndProject
Project("{FAE04EC0-301F-11D3-BF4B-00C04F79EFBC}") = "ArbreNAire_TestsUnitaires", "ArbreNAire_TestsUnitaires\ArbreNAire_TestsUnitaires.csproj", "{C3D3074B-B718-42E8-B7A6-0EDB9443D31D}"
EndProject
Global
	GlobalSection(SolutionConfigurationPlatforms) = preSolution
		Debug|Any CPU = Debug|Any CPU
		Release|Any CPU = Release|Any CPU
	EndGlobalSection
	GlobalSection(ProjectConfigurationPlatforms) = postSolution
		{41EF3E33-4B2A-4DDB-A946-C011B660154D}.Debug|Any CPU.ActiveCfg = Debug|Any CPU
		{41EF3E33-4B2A-4DDB-A946-C011B660154D}.Debug|Any CPU.Build.0 = Debug|Any CPU
		{41EF3E33-4B2A-4DDB-A946-C011B660154D}.Release|Any CPU.ActiveCfg = Release|Any CPU
		{41EF3E33-4B2A-4DDB-A946-C011B660154D}.Release|Any CPU.Build.0 = Release|Any CPU
		{619DE55C-A9F4-4B72-B1CD-1B0EE77A632A}.Debug|Any CPU.ActiveCfg = Debug|Any CPU
		{619DE55C-A9F4-4B72-B1CD-1B0EE77A632A}.Debug|Any CPU.Build.0 = Debug|Any CPU
		{619DE55C-A9F4-4B72-B1CD-1B0EE77A632A}.Release|Any CPU.ActiveCfg = Release|Any CPU
		{619DE55C-A9F4-4B72-B1CD-1B0EE77A632A}.Release|Any CPU.Build.0 = Release|Any CPU
		{C3D3074B-B718-42E8-B7A6-0EDB9443D31D}.Debug|Any CPU.ActiveCfg = Debug|Any CPU
		{C3D3074B-B718-42E8-B7A6-0EDB9443D31D}.Debug|Any CPU.Build.0 = Debug|Any CPU
		{C3D3074B-B718-42E8-B7A6-0EDB9443D31D}.Release|Any CPU.ActiveCfg = Release|Any CPU
		{C3D3074B-B718-42E8-B7A6-0EDB9443D31D}.Release|Any CPU.Build.0 = Release|Any CPU
	EndGlobalSection
	GlobalSection(SolutionProperties) = preSolution
		HideSolutionNode = FALSE
	EndGlobalSection
	GlobalSection(ExtensibilityGlobals) = postSolution
		SolutionGuid = {6C46C08B-2141-4545-812E-534CC0A2DAB2}
	EndGlobalSection
EndGlobal
